
Microsoft Visual Studio Solution File, Format Version 12.00
# Visual Studio Version 17
VisualStudioVersion = 17.4.33403.182
MinimumVisualStudioVersion = 10.0.40219.1
Project("{FAE04EC0-301F-11D3-BF4B-00C04F79EFBC}") = "WinFormsApp1", "WinFormsApp1.csproj", "{AF9474B3-B560-4329-8C87-E05E44C4ACBD}"
EndProject
Global
	GlobalSection(SolutionConfigurationPlatforms) = preSolution
		Debug|Any CPU = Debug|Any CPU
		Release|Any CPU = Release|Any CPU
	EndGlobalSection
	GlobalSection(ProjectConfigurationPlatforms) = postSolution
		{AF9474B3-B560-4329-8C87-E05E44C4ACBD}.Debug|Any CPU.ActiveCfg = Debug|Any CPU
		{AF9474B3-B560-4329-8C87-E05E44C4ACBD}.Debug|Any CPU.Build.0 = Debug|Any CPU
		{AF9474B3-B560-4329-8C87-E05E44C4ACBD}.Release|Any CPU.ActiveCfg = Release|Any CPU
		{AF9474B3-B560-4329-8C87-E05E44C4ACBD}.Release|Any CPU.Build.0 = Release|Any CPU
	EndGlobalSection
	GlobalSection(SolutionProperties) = preSolution
		HideSolutionNode = FALSE
	EndGlobalSection
	GlobalSection(ExtensibilityGlobals) = postSolution
		SolutionGuid = {318E3072-57B5-4E4D-987A-F36ECF5E3E1F}
	EndGlobalSection
EndGlobal
